
Microsoft Visual Studio Solution File, Format Version 12.00
# Visual Studio 15
VisualStudioVersion = 15.0.28010.2019
MinimumVisualStudioVersion = 10.0.40219.1
Project("{FAE04EC0-301F-11D3-BF4B-00C04F79EFBC}") = "Algorithms2", "Algorithms2\Algorithms2.csproj", "{8988BE98-55FF-4CE2-8B35-1ECD20D52B10}"
EndProject
Project("{FAE04EC0-301F-11D3-BF4B-00C04F79EFBC}") = "AlgorithmsTest", "AlgorithmsTest\AlgorithmsTest.csproj", "{84A98586-C463-4BB4-8C9E-F1827331324A}"
EndProject
Global
	GlobalSection(SolutionConfigurationPlatforms) = preSolution
		Debug|Any CPU = Debug|Any CPU
		Release|Any CPU = Release|Any CPU
	EndGlobalSection
	GlobalSection(ProjectConfigurationPlatforms) = postSolution
		{8988BE98-55FF-4CE2-8B35-1ECD20D52B10}.Debug|Any CPU.ActiveCfg = Debug|Any CPU
		{8988BE98-55FF-4CE2-8B35-1ECD20D52B10}.Debug|Any CPU.Build.0 = Debug|Any CPU
		{8988BE98-55FF-4CE2-8B35-1ECD20D52B10}.Release|Any CPU.ActiveCfg = Release|Any CPU
		{8988BE98-55FF-4CE2-8B35-1ECD20D52B10}.Release|Any CPU.Build.0 = Release|Any CPU
		{84A98586-C463-4BB4-8C9E-F1827331324A}.Debug|Any CPU.ActiveCfg = Debug|Any CPU
		{84A98586-C463-4BB4-8C9E-F1827331324A}.Debug|Any CPU.Build.0 = Debug|Any CPU
		{84A98586-C463-4BB4-8C9E-F1827331324A}.Release|Any CPU.ActiveCfg = Release|Any CPU
		{84A98586-C463-4BB4-8C9E-F1827331324A}.Release|Any CPU.Build.0 = Release|Any CPU
	EndGlobalSection
	GlobalSection(SolutionProperties) = preSolution
		HideSolutionNode = FALSE
	EndGlobalSection
	GlobalSection(ExtensibilityGlobals) = postSolution
		SolutionGuid = {AC411A85-C322-4319-8848-70CB04AAE45B}
	EndGlobalSection
EndGlobal
